
Microsoft Visual Studio Solution File, Format Version 12.00
# Visual Studio 15
VisualStudioVersion = 15.0.28307.271
MinimumVisualStudioVersion = 10.0.40219.1
Project("{FAE04EC0-301F-11D3-BF4B-00C04F79EFBC}") = "Projet.ServiceWindows.GestionCloture.Service", "Projet.ServiceWindows.GestionCloture\Projet.ServiceWindows.GestionCloture.Service.csproj", "{EBF0734B-52A6-453B-B8F0-6220C9BD9BD0}"
EndProject
Project("{FAE04EC0-301F-11D3-BF4B-00C04F79EFBC}") = "Projet.ServiceWindows.GestionCloture.Lib", "Projet.ServiceWindows.GestionCloture.Lib\Projet.ServiceWindows.GestionCloture.Lib.csproj", "{C8304BAD-B2E3-4215-BB52-5561EE77482A}"
EndProject
Project("{9A19103F-16F7-4668-BE54-9A1E7A4F7556}") = "Projet.ServiceWindows.GestionCloture.Hangfire", "Projet.ServiceWindows.GestionCloture.Hangfire\Projet.ServiceWindows.GestionCloture.Hangfire.csproj", "{E9CC4280-E4D0-40F5-82D4-6433459A9638}"
EndProject
Global
	GlobalSection(SolutionConfigurationPlatforms) = preSolution
		Debug|Any CPU = Debug|Any CPU
		Release|Any CPU = Release|Any CPU
	EndGlobalSection
	GlobalSection(ProjectConfigurationPlatforms) = postSolution
		{EBF0734B-52A6-453B-B8F0-6220C9BD9BD0}.Debug|Any CPU.ActiveCfg = Debug|Any CPU
		{EBF0734B-52A6-453B-B8F0-6220C9BD9BD0}.Debug|Any CPU.Build.0 = Debug|Any CPU
		{EBF0734B-52A6-453B-B8F0-6220C9BD9BD0}.Release|Any CPU.ActiveCfg = Release|Any CPU
		{EBF0734B-52A6-453B-B8F0-6220C9BD9BD0}.Release|Any CPU.Build.0 = Release|Any CPU
		{C8304BAD-B2E3-4215-BB52-5561EE77482A}.Debug|Any CPU.ActiveCfg = Debug|Any CPU
		{C8304BAD-B2E3-4215-BB52-5561EE77482A}.Debug|Any CPU.Build.0 = Debug|Any CPU
		{C8304BAD-B2E3-4215-BB52-5561EE77482A}.Release|Any CPU.ActiveCfg = Release|Any CPU
		{C8304BAD-B2E3-4215-BB52-5561EE77482A}.Release|Any CPU.Build.0 = Release|Any CPU
		{E9CC4280-E4D0-40F5-82D4-6433459A9638}.Debug|Any CPU.ActiveCfg = Debug|Any CPU
		{E9CC4280-E4D0-40F5-82D4-6433459A9638}.Debug|Any CPU.Build.0 = Debug|Any CPU
		{E9CC4280-E4D0-40F5-82D4-6433459A9638}.Release|Any CPU.ActiveCfg = Release|Any CPU
		{E9CC4280-E4D0-40F5-82D4-6433459A9638}.Release|Any CPU.Build.0 = Release|Any CPU
	EndGlobalSection
	GlobalSection(SolutionProperties) = preSolution
		HideSolutionNode = FALSE
	EndGlobalSection
	GlobalSection(ExtensibilityGlobals) = postSolution
		SolutionGuid = {590667BE-F96B-40B4-972D-E036BB8A36B4}
	EndGlobalSection
EndGlobal
